
Microsoft Visual Studio Solution File, Format Version 12.00
# Visual Studio Version 16
VisualStudioVersion = 16.0.30611.23
MinimumVisualStudioVersion = 10.0.40219.1
Project("{9A19103F-16F7-4668-BE54-9A1E7A4F7556}") = "U02B40_HFT_2021221.Models", "U02B40_HFT_2021221.Models\U02B40_HFT_2021221.Models.csproj", "{2F46437A-76BE-472D-9C2B-2C64346AF824}"
EndProject
Project("{9A19103F-16F7-4668-BE54-9A1E7A4F7556}") = "U02B40_HFT_2021221.Data", "U02B40_HFT_2021221.Data\U02B40_HFT_2021221.Data.csproj", "{F0E5238F-D976-4F7F-85F1-1B03BC5C5C4A}"
EndProject
Project("{9A19103F-16F7-4668-BE54-9A1E7A4F7556}") = "U02B40_HFT_2021221.Logic", "U02B40_HFT_2021221.Logic\U02B40_HFT_2021221.Logic.csproj", "{66E0ABB8-9616-45D7-BCE2-12E7A7BB9A1D}"
	ProjectSection(ProjectDependencies) = postProject
		{D95BE302-8470-4F73-AA50-B4E43B7DDC8D} = {D95BE302-8470-4F73-AA50-B4E43B7DDC8D}
		{2F46437A-76BE-472D-9C2B-2C64346AF824} = {2F46437A-76BE-472D-9C2B-2C64346AF824}
	EndProjectSection
EndProject
Project("{9A19103F-16F7-4668-BE54-9A1E7A4F7556}") = "U02B40_HFT_2021221.Repository", "U02B40_HFT_2021221.Repository\U02B40_HFT_2021221.Repository.csproj", "{D95BE302-8470-4F73-AA50-B4E43B7DDC8D}"
	ProjectSection(ProjectDependencies) = postProject
		{2F46437A-76BE-472D-9C2B-2C64346AF824} = {2F46437A-76BE-472D-9C2B-2C64346AF824}
		{F0E5238F-D976-4F7F-85F1-1B03BC5C5C4A} = {F0E5238F-D976-4F7F-85F1-1B03BC5C5C4A}
	EndProjectSection
EndProject
Project("{9A19103F-16F7-4668-BE54-9A1E7A4F7556}") = "U02B40_HFT_2021221.Test", "U02B40_HFT_2021221.Test\U02B40_HFT_2021221.Test.csproj", "{3B5ED943-F947-4E9E-A875-14EA48F99A8C}"
	ProjectSection(ProjectDependencies) = postProject
		{D95BE302-8470-4F73-AA50-B4E43B7DDC8D} = {D95BE302-8470-4F73-AA50-B4E43B7DDC8D}
		{2F46437A-76BE-472D-9C2B-2C64346AF824} = {2F46437A-76BE-472D-9C2B-2C64346AF824}
		{66E0ABB8-9616-45D7-BCE2-12E7A7BB9A1D} = {66E0ABB8-9616-45D7-BCE2-12E7A7BB9A1D}
	EndProjectSection
EndProject
Project("{9A19103F-16F7-4668-BE54-9A1E7A4F7556}") = "U02B40_HFT_2021221.Endpoint", "U02B40_HFT_2021221.Endpoint\U02B40_HFT_2021221.Endpoint.csproj", "{8F8395DC-BF48-4F81-AAD6-33C2B4963C1F}"
	ProjectSection(ProjectDependencies) = postProject
		{D95BE302-8470-4F73-AA50-B4E43B7DDC8D} = {D95BE302-8470-4F73-AA50-B4E43B7DDC8D}
		{2F46437A-76BE-472D-9C2B-2C64346AF824} = {2F46437A-76BE-472D-9C2B-2C64346AF824}
		{F0E5238F-D976-4F7F-85F1-1B03BC5C5C4A} = {F0E5238F-D976-4F7F-85F1-1B03BC5C5C4A}
		{66E0ABB8-9616-45D7-BCE2-12E7A7BB9A1D} = {66E0ABB8-9616-45D7-BCE2-12E7A7BB9A1D}
	EndProjectSection
EndProject
Project("{2150E333-8FDC-42A3-9474-1A3956D46DE8}") = "Backend", "Backend", "{B5539BB7-0835-4FC6-B173-6B37EFCA2852}"
EndProject
Project("{2150E333-8FDC-42A3-9474-1A3956D46DE8}") = "Frontend", "Frontend", "{48ADA344-CA12-4DFB-A45E-304D37C951BD}"
EndProject
Project("{2150E333-8FDC-42A3-9474-1A3956D46DE8}") = "Shared", "Shared", "{887A738D-9EDD-49DB-BCE1-56045E2FA937}"
EndProject
Project("{2150E333-8FDC-42A3-9474-1A3956D46DE8}") = "Others", "Others", "{DEE588AC-1B6B-4F51-A8FF-3363D35CE5F9}"
	ProjectSection(SolutionItems) = preProject
		.gitignore = .gitignore
	EndProjectSection
EndProject
Project("{9A19103F-16F7-4668-BE54-9A1E7A4F7556}") = "U02B40_HFT_2021221.Client", "Client\U02B40_HFT_2021221.Client.csproj", "{195CC11F-2B7D-4CE5-8C78-78FBA805BDE4}"
EndProject
Project("{9A19103F-16F7-4668-BE54-9A1E7A4F7556}") = "U02B40_HFT_2021221.WpfClient", "WpfClient\U02B40_HFT_2021221.WpfClient.csproj", "{3022F6FA-BCF3-4799-890B-8FFF437746CF}"
EndProject
Project("{FAE04EC0-301F-11D3-BF4B-00C04F79EFBC}") = "U02B40_HFT_2021221.Web", "U02B40_HFT_202122.Web\U02B40_HFT_2021221.Web.csproj", "{C55971F7-95E9-4B65-8BCB-85E6B968C299}"
EndProject
Global
	GlobalSection(SolutionConfigurationPlatforms) = preSolution
		Debug|Any CPU = Debug|Any CPU
		Release|Any CPU = Release|Any CPU
	EndGlobalSection
	GlobalSection(ProjectConfigurationPlatforms) = postSolution
		{2F46437A-76BE-472D-9C2B-2C64346AF824}.Debug|Any CPU.ActiveCfg = Release|Any CPU
		{2F46437A-76BE-472D-9C2B-2C64346AF824}.Debug|Any CPU.Build.0 = Release|Any CPU
		{2F46437A-76BE-472D-9C2B-2C64346AF824}.Release|Any CPU.ActiveCfg = Release|Any CPU
		{2F46437A-76BE-472D-9C2B-2C64346AF824}.Release|Any CPU.Build.0 = Release|Any CPU
		{F0E5238F-D976-4F7F-85F1-1B03BC5C5C4A}.Debug|Any CPU.ActiveCfg = Release|Any CPU
		{F0E5238F-D976-4F7F-85F1-1B03BC5C5C4A}.Debug|Any CPU.Build.0 = Release|Any CPU
		{F0E5238F-D976-4F7F-85F1-1B03BC5C5C4A}.Release|Any CPU.ActiveCfg = Release|Any CPU
		{F0E5238F-D976-4F7F-85F1-1B03BC5C5C4A}.Release|Any CPU.Build.0 = Release|Any CPU
		{66E0ABB8-9616-45D7-BCE2-12E7A7BB9A1D}.Debug|Any CPU.ActiveCfg = Release|Any CPU
		{66E0ABB8-9616-45D7-BCE2-12E7A7BB9A1D}.Debug|Any CPU.Build.0 = Release|Any CPU
		{66E0ABB8-9616-45D7-BCE2-12E7A7BB9A1D}.Release|Any CPU.ActiveCfg = Release|Any CPU
		{66E0ABB8-9616-45D7-BCE2-12E7A7BB9A1D}.Release|Any CPU.Build.0 = Release|Any CPU
		{D95BE302-8470-4F73-AA50-B4E43B7DDC8D}.Debug|Any CPU.ActiveCfg = Release|Any CPU
		{D95BE302-8470-4F73-AA50-B4E43B7DDC8D}.Debug|Any CPU.Build.0 = Release|Any CPU
		{D95BE302-8470-4F73-AA50-B4E43B7DDC8D}.Release|Any CPU.ActiveCfg = Release|Any CPU
		{D95BE302-8470-4F73-AA50-B4E43B7DDC8D}.Release|Any CPU.Build.0 = Release|Any CPU
		{3B5ED943-F947-4E9E-A875-14EA48F99A8C}.Debug|Any CPU.ActiveCfg = Release|Any CPU
		{3B5ED943-F947-4E9E-A875-14EA48F99A8C}.Debug|Any CPU.Build.0 = Release|Any CPU
		{3B5ED943-F947-4E9E-A875-14EA48F99A8C}.Release|Any CPU.ActiveCfg = Release|Any CPU
		{3B5ED943-F947-4E9E-A875-14EA48F99A8C}.Release|Any CPU.Build.0 = Release|Any CPU
		{8F8395DC-BF48-4F81-AAD6-33C2B4963C1F}.Debug|Any CPU.ActiveCfg = Release|Any CPU
		{8F8395DC-BF48-4F81-AAD6-33C2B4963C1F}.Debug|Any CPU.Build.0 = Release|Any CPU
		{8F8395DC-BF48-4F81-AAD6-33C2B4963C1F}.Release|Any CPU.ActiveCfg = Release|Any CPU
		{8F8395DC-BF48-4F81-AAD6-33C2B4963C1F}.Release|Any CPU.Build.0 = Release|Any CPU
		{195CC11F-2B7D-4CE5-8C78-78FBA805BDE4}.Debug|Any CPU.ActiveCfg = Release|Any CPU
		{195CC11F-2B7D-4CE5-8C78-78FBA805BDE4}.Debug|Any CPU.Build.0 = Release|Any CPU
		{195CC11F-2B7D-4CE5-8C78-78FBA805BDE4}.Release|Any CPU.ActiveCfg = Release|Any CPU
		{195CC11F-2B7D-4CE5-8C78-78FBA805BDE4}.Release|Any CPU.Build.0 = Release|Any CPU
		{3022F6FA-BCF3-4799-890B-8FFF437746CF}.Debug|Any CPU.ActiveCfg = Debug|Any CPU
		{3022F6FA-BCF3-4799-890B-8FFF437746CF}.Debug|Any CPU.Build.0 = Debug|Any CPU
		{3022F6FA-BCF3-4799-890B-8FFF437746CF}.Release|Any CPU.ActiveCfg = Release|Any CPU
		{3022F6FA-BCF3-4799-890B-8FFF437746CF}.Release|Any CPU.Build.0 = Release|Any CPU
		{C55971F7-95E9-4B65-8BCB-85E6B968C299}.Debug|Any CPU.ActiveCfg = Debug|Any CPU
		{C55971F7-95E9-4B65-8BCB-85E6B968C299}.Debug|Any CPU.Build.0 = Debug|Any CPU
		{C55971F7-95E9-4B65-8BCB-85E6B968C299}.Release|Any CPU.ActiveCfg = Release|Any CPU
		{C55971F7-95E9-4B65-8BCB-85E6B968C299}.Release|Any CPU.Build.0 = Release|Any CPU
	EndGlobalSection
	GlobalSection(SolutionProperties) = preSolution
		HideSolutionNode = FALSE
	EndGlobalSection
	GlobalSection(NestedProjects) = preSolution
		{2F46437A-76BE-472D-9C2B-2C64346AF824} = {887A738D-9EDD-49DB-BCE1-56045E2FA937}
		{F0E5238F-D976-4F7F-85F1-1B03BC5C5C4A} = {B5539BB7-0835-4FC6-B173-6B37EFCA2852}
		{66E0ABB8-9616-45D7-BCE2-12E7A7BB9A1D} = {B5539BB7-0835-4FC6-B173-6B37EFCA2852}
		{D95BE302-8470-4F73-AA50-B4E43B7DDC8D} = {B5539BB7-0835-4FC6-B173-6B37EFCA2852}
		{3B5ED943-F947-4E9E-A875-14EA48F99A8C} = {B5539BB7-0835-4FC6-B173-6B37EFCA2852}
		{8F8395DC-BF48-4F81-AAD6-33C2B4963C1F} = {B5539BB7-0835-4FC6-B173-6B37EFCA2852}
		{195CC11F-2B7D-4CE5-8C78-78FBA805BDE4} = {48ADA344-CA12-4DFB-A45E-304D37C951BD}
		{3022F6FA-BCF3-4799-890B-8FFF437746CF} = {48ADA344-CA12-4DFB-A45E-304D37C951BD}
		{C55971F7-95E9-4B65-8BCB-85E6B968C299} = {48ADA344-CA12-4DFB-A45E-304D37C951BD}
	EndGlobalSection
	GlobalSection(ExtensibilityGlobals) = postSolution
		SolutionGuid = {F79A2063-B222-4FA0-9BD9-C251587630EC}
	EndGlobalSection
EndGlobal
